
Microsoft Visual Studio Solution File, Format Version 12.00
# Visual Studio Version 16
VisualStudioVersion = 16.0.29806.167
MinimumVisualStudioVersion = 10.0.40219.1
Project("{FAE04EC0-301F-11D3-BF4B-00C04F79EFBC}") = "Resilient.WebApp", "Resilient.WebApp\Resilient.WebApp.csproj", "{E6722E08-88B3-486C-92D6-9FA5B852442B}"
EndProject
Global
	GlobalSection(SolutionConfigurationPlatforms) = preSolution
		Debug|Any CPU = Debug|Any CPU
		Release|Any CPU = Release|Any CPU
	EndGlobalSection
	GlobalSection(ProjectConfigurationPlatforms) = postSolution
		{E6722E08-88B3-486C-92D6-9FA5B852442B}.Debug|Any CPU.ActiveCfg = Debug|Any CPU
		{E6722E08-88B3-486C-92D6-9FA5B852442B}.Debug|Any CPU.Build.0 = Debug|Any CPU
		{E6722E08-88B3-486C-92D6-9FA5B852442B}.Release|Any CPU.ActiveCfg = Release|Any CPU
		{E6722E08-88B3-486C-92D6-9FA5B852442B}.Release|Any CPU.Build.0 = Release|Any CPU
	EndGlobalSection
	GlobalSection(SolutionProperties) = preSolution
		HideSolutionNode = FALSE
	EndGlobalSection
	GlobalSection(ExtensibilityGlobals) = postSolution
		SolutionGuid = {D59B9623-F39E-4CE1-99CC-D172300479D5}
	EndGlobalSection
EndGlobal
